
Microsoft Visual Studio Solution File, Format Version 12.00
# Visual Studio 15
VisualStudioVersion = 15.0.28307.329
MinimumVisualStudioVersion = 10.0.40219.1
Project("{FAE04EC0-301F-11D3-BF4B-00C04F79EFBC}") = "SWT_Team22_ATM", "SWT_Team22_ATM\SWT_Team22_ATM.csproj", "{646990D5-AD12-424A-B692-CC1991337868}"
EndProject
Project("{FAE04EC0-301F-11D3-BF4B-00C04F79EFBC}") = "SWT_TEAM22_ATM.Test.Unit", "SWT_TEAM22_ATM.Test.Unit\SWT_TEAM22_ATM.Test.Unit.csproj", "{6815CE7A-6208-4E5B-AE26-55B05EBC1E21}"
EndProject
Project("{FAE04EC0-301F-11D3-BF4B-00C04F79EFBC}") = "TransponderReceiverUser", "TransponderReceiverUser\TransponderReceiverUser.csproj", "{AD9E07F6-3D14-47C9-955E-FF20C7FE5433}"
EndProject
Project("{FAE04EC0-301F-11D3-BF4B-00C04F79EFBC}") = "TransponderReceiverUser.Test.Unit", "TransponderReceiverUser.Test.Unit\TransponderReceiverUser.Test.Unit.csproj", "{3F42207F-5BB8-4BB5-9E68-4821FCC4B176}"
EndProject
Global
	GlobalSection(SolutionConfigurationPlatforms) = preSolution
		Debug|Any CPU = Debug|Any CPU
		Release|Any CPU = Release|Any CPU
	EndGlobalSection
	GlobalSection(ProjectConfigurationPlatforms) = postSolution
		{646990D5-AD12-424A-B692-CC1991337868}.Debug|Any CPU.ActiveCfg = Debug|Any CPU
		{646990D5-AD12-424A-B692-CC1991337868}.Debug|Any CPU.Build.0 = Debug|Any CPU
		{646990D5-AD12-424A-B692-CC1991337868}.Release|Any CPU.ActiveCfg = Release|Any CPU
		{646990D5-AD12-424A-B692-CC1991337868}.Release|Any CPU.Build.0 = Release|Any CPU
		{6815CE7A-6208-4E5B-AE26-55B05EBC1E21}.Debug|Any CPU.ActiveCfg = Debug|Any CPU
		{6815CE7A-6208-4E5B-AE26-55B05EBC1E21}.Debug|Any CPU.Build.0 = Debug|Any CPU
		{6815CE7A-6208-4E5B-AE26-55B05EBC1E21}.Release|Any CPU.ActiveCfg = Release|Any CPU
		{6815CE7A-6208-4E5B-AE26-55B05EBC1E21}.Release|Any CPU.Build.0 = Release|Any CPU
		{AD9E07F6-3D14-47C9-955E-FF20C7FE5433}.Debug|Any CPU.ActiveCfg = Debug|Any CPU
		{AD9E07F6-3D14-47C9-955E-FF20C7FE5433}.Debug|Any CPU.Build.0 = Debug|Any CPU
		{AD9E07F6-3D14-47C9-955E-FF20C7FE5433}.Release|Any CPU.ActiveCfg = Release|Any CPU
		{AD9E07F6-3D14-47C9-955E-FF20C7FE5433}.Release|Any CPU.Build.0 = Release|Any CPU
		{3F42207F-5BB8-4BB5-9E68-4821FCC4B176}.Debug|Any CPU.ActiveCfg = Debug|Any CPU
		{3F42207F-5BB8-4BB5-9E68-4821FCC4B176}.Debug|Any CPU.Build.0 = Debug|Any CPU
		{3F42207F-5BB8-4BB5-9E68-4821FCC4B176}.Release|Any CPU.ActiveCfg = Release|Any CPU
		{3F42207F-5BB8-4BB5-9E68-4821FCC4B176}.Release|Any CPU.Build.0 = Release|Any CPU
	EndGlobalSection
	GlobalSection(SolutionProperties) = preSolution
		HideSolutionNode = FALSE
	EndGlobalSection
	GlobalSection(ExtensibilityGlobals) = postSolution
		SolutionGuid = {A66F1BDE-1562-45C3-9C97-D0E1A983F3E1}
	EndGlobalSection
EndGlobal
